
Microsoft Visual Studio Solution File, Format Version 12.00
# Visual Studio Version 17
VisualStudioVersion = 17.13.35931.197 d17.13
MinimumVisualStudioVersion = 10.0.40219.1
Project("{FAE04EC0-301F-11D3-BF4B-00C04F79EFBC}") = "WinUninstallDoctor", "WinUninstallDoctor.csproj", "{518B7FCB-49A6-4FF9-9DCD-8F6E50D2094D}"
EndProject
Global
	GlobalSection(SolutionConfigurationPlatforms) = preSolution
		Debug|Any CPU = Debug|Any CPU
		Release|Any CPU = Release|Any CPU
	EndGlobalSection
	GlobalSection(ProjectConfigurationPlatforms) = postSolution
		{518B7FCB-49A6-4FF9-9DCD-8F6E50D2094D}.Debug|Any CPU.ActiveCfg = Debug|Any CPU
		{518B7FCB-49A6-4FF9-9DCD-8F6E50D2094D}.Debug|Any CPU.Build.0 = Debug|Any CPU
		{518B7FCB-49A6-4FF9-9DCD-8F6E50D2094D}.Release|Any CPU.ActiveCfg = Release|Any CPU
		{518B7FCB-49A6-4FF9-9DCD-8F6E50D2094D}.Release|Any CPU.Build.0 = Release|Any CPU
	EndGlobalSection
	GlobalSection(SolutionProperties) = preSolution
		HideSolutionNode = FALSE
	EndGlobalSection
	GlobalSection(ExtensibilityGlobals) = postSolution
		SolutionGuid = {8B62FF53-27B7-4F51-8AAD-2C5B98AD1328}
	EndGlobalSection
EndGlobal
